
Microsoft Visual Studio Solution File, Format Version 12.00
# Visual Studio Version 16
VisualStudioVersion = 16.0.33214.272
MinimumVisualStudioVersion = 10.0.40219.1
Project("{FAE04EC0-301F-11D3-BF4B-00C04F79EFBC}") = "Zeamart_UKK", "Zeamart_UKK\Zeamart_UKK.csproj", "{B2CF6301-7D5B-4173-B46E-FAC1E9E3EB50}"
EndProject
Global
	GlobalSection(SolutionConfigurationPlatforms) = preSolution
		Debug|Any CPU = Debug|Any CPU
		Release|Any CPU = Release|Any CPU
	EndGlobalSection
	GlobalSection(ProjectConfigurationPlatforms) = postSolution
		{B2CF6301-7D5B-4173-B46E-FAC1E9E3EB50}.Debug|Any CPU.ActiveCfg = Debug|Any CPU
		{B2CF6301-7D5B-4173-B46E-FAC1E9E3EB50}.Debug|Any CPU.Build.0 = Debug|Any CPU
		{B2CF6301-7D5B-4173-B46E-FAC1E9E3EB50}.Release|Any CPU.ActiveCfg = Release|Any CPU
		{B2CF6301-7D5B-4173-B46E-FAC1E9E3EB50}.Release|Any CPU.Build.0 = Release|Any CPU
	EndGlobalSection
	GlobalSection(SolutionProperties) = preSolution
		HideSolutionNode = FALSE
	EndGlobalSection
	GlobalSection(ExtensibilityGlobals) = postSolution
		SolutionGuid = {80D97344-4166-47D3-9768-ABBC176F649C}
	EndGlobalSection
EndGlobal
